
Microsoft Visual Studio Solution File, Format Version 12.00
# Visual Studio 2012
Project("{FAE04EC0-301F-11D3-BF4B-00C04F79EFBC}") = "Typhoon.NMRA", "Typhoon.NMRA\Typhoon.NMRA.csproj", "{84D700E3-24FC-40B7-87A0-2B341F4DD0C8}"
EndProject
Project("{FAE04EC0-301F-11D3-BF4B-00C04F79EFBC}") = "Typhoon.CommandStation", "Typhoon.CommandStation\Typhoon.CommandStation.csproj", "{E2B5F4B2-6E66-4176-BBAA-F126512C7DCB}"
EndProject
Project("{FAE04EC0-301F-11D3-BF4B-00C04F79EFBC}") = "Typhoon.Localization", "Typhoon.Localization\Typhoon.Localization.csproj", "{9BCB9A7E-33DE-4136-8666-8BC3FB260E9B}"
EndProject
Project("{FAE04EC0-301F-11D3-BF4B-00C04F79EFBC}") = "Typhoon.Decoders", "Typhoon.Decoders\Typhoon.Decoders.csproj", "{52133582-D7C3-433B-B0F5-B6D5651B4399}"
EndProject
Project("{FAE04EC0-301F-11D3-BF4B-00C04F79EFBC}") = "Typhoon.Core", "Typhoon.Core\Typhoon.Core.csproj", "{C1B8B31C-88D4-43B6-8179-98A27C44AAB5}"
EndProject
Project("{FAE04EC0-301F-11D3-BF4B-00C04F79EFBC}") = "Typhoon.Layouts", "Typhoon.Layouts\Typhoon.Layouts.csproj", "{FB19AC0E-87EC-42B3-85AE-1C40E7A3B127}"
EndProject
Project("{FAE04EC0-301F-11D3-BF4B-00C04F79EFBC}") = "Typhoon.ValueConverters", "Typhoon.ValueConverters\Typhoon.ValueConverters.csproj", "{12196C51-7C03-4F2B-9237-2562096BD1AF}"
EndProject
Project("{FAE04EC0-301F-11D3-BF4B-00C04F79EFBC}") = "Typhoon.API", "Typhoon.API\Typhoon.API.csproj", "{1246FF14-B677-4E36-86A5-63C157D7FCDA}"
EndProject
Project("{FAE04EC0-301F-11D3-BF4B-00C04F79EFBC}") = "Typhoon.Net", "Typhoon.Net\Typhoon.Net.csproj", "{2BA276B6-6D72-4175-9A17-7C239F1737E4}"
EndProject
Project("{2150E333-8FDC-42A3-9474-1A3956D46DE8}") = "Server", "Server", "{00C5C7D0-87E4-4FA6-8FDB-C14495A25546}"
EndProject
Project("{2150E333-8FDC-42A3-9474-1A3956D46DE8}") = "Windows", "Windows", "{2C1A2644-57D7-4E61-8FF3-F4A14F7463ED}"
EndProject
Project("{2150E333-8FDC-42A3-9474-1A3956D46DE8}") = "WindowsPhone", "WindowsPhone", "{5E8B18A2-D78E-4BB9-95B6-E90793BB5E91}"
EndProject
Project("{FAE04EC0-301F-11D3-BF4B-00C04F79EFBC}") = "Typhoon.WPClient", "Typhoon.WPClient\Typhoon.WPClient.csproj", "{30BC89C8-A925-4CEF-9E40-513EA11706CD}"
EndProject
Project("{FAE04EC0-301F-11D3-BF4B-00C04F79EFBC}") = "Typhoon.MF.Layouts", "Typhoon.MF.Layouts\Typhoon.MF.Layouts.csproj", "{A488DFF1-6E28-4A4C-A415-0E98F8B375E6}"
EndProject
Project("{2150E333-8FDC-42A3-9474-1A3956D46DE8}") = "MFE Engine", "MFE Engine", "{F0E08B24-C42D-4B5E-B2DE-AEEE230E0E6F}"
EndProject
Project("{FAE04EC0-301F-11D3-BF4B-00C04F79EFBC}") = "MF.Engine", "MF.Engine\MF.Engine.csproj", "{00798CB1-AD59-42DE-9554-49473E1DDF61}"
EndProject
Project("{FAE04EC0-301F-11D3-BF4B-00C04F79EFBC}") = "MFE", "MFE\MFE.csproj", "{4CC63A08-2BAC-45F9-B20E-AAFB928C6630}"
EndProject
Project("{FAE04EC0-301F-11D3-BF4B-00C04F79EFBC}") = "MFETest", "MFETest\MFETest.csproj", "{B2844FAB-F215-4428-B564-287331C5ABB6}"
EndProject
Project("{FAE04EC0-301F-11D3-BF4B-00C04F79EFBC}") = "MFE.Graphics", "MFE.Graphics\MFE.Graphics.csproj", "{8CFF5B22-907F-470D-884B-1AA14D6F0710}"
EndProject
Project("{FAE04EC0-301F-11D3-BF4B-00C04F79EFBC}") = "MFE.Device", "MFE.Device\MFE.Device.csproj", "{27C90F37-990E-4881-AD82-BCE15A4342DD}"
EndProject
Project("{FAE04EC0-301F-11D3-BF4B-00C04F79EFBC}") = "MFE.USB", "MFE.USB\MFE.USB.csproj", "{D462A667-3F02-4376-BA2A-F1D72BD00296}"
EndProject
Project("{FAE04EC0-301F-11D3-BF4B-00C04F79EFBC}") = "MFE.Storage", "MFE.Storage\MFE.Storage.csproj", "{085C8341-8EA5-43F5-8B9E-07FED9B79563}"
EndProject
Project("{FAE04EC0-301F-11D3-BF4B-00C04F79EFBC}") = "MFE.Presentation", "MFE.Presentation\MFE.Presentation.csproj", "{5D72074A-9575-4FDF-94FD-6339F6B54893}"
EndProject
Project("{FAE04EC0-301F-11D3-BF4B-00C04F79EFBC}") = "MFE.LCD", "MFE.LCD\MFE.LCD.csproj", "{E885C50A-8B79-4D2F-9FA6-23D17E7E2BAC}"
EndProject
Project("{FAE04EC0-301F-11D3-BF4B-00C04F79EFBC}") = "MFE.Demo", "MFE.Demo\MFE.Demo.csproj", "{68349718-C83B-4AB2-A990-6058A50C8B6C}"
EndProject
Project("{FAE04EC0-301F-11D3-BF4B-00C04F79EFBC}") = "Typhoon.Adapter", "Typhoon.Adapter\Typhoon.Adapter.csproj", "{64794C5E-3B82-41B6-8BA6-39BF531EBBF2}"
EndProject
Project("{2150E333-8FDC-42A3-9474-1A3956D46DE8}") = "Clients", "Clients", "{36BC2723-6ECA-4698-A192-86BDC523B92F}"
EndProject
Project("{FAE04EC0-301F-11D3-BF4B-00C04F79EFBC}") = "Typhoon.Server", "Typhoon.Server\Typhoon.Server.csproj", "{BF5044B8-D380-4018-BE40-723A5CAB3BB7}"
EndProject
Project("{FAE04EC0-301F-11D3-BF4B-00C04F79EFBC}") = "MFE.Net", "MFE.Net\MFE.Net.csproj", "{CBE6E45F-9C69-4855-86DF-271E5CA1B3B1}"
EndProject
Project("{FAE04EC0-301F-11D3-BF4B-00C04F79EFBC}") = "Typhoon.DCC", "Typhoon.DCC\Typhoon.DCC.csproj", "{EAB84AD1-0D97-478A-A949-171B56DEA252}"
EndProject
Project("{FAE04EC0-301F-11D3-BF4B-00C04F79EFBC}") = "Typhoon.GraphicsAdapter", "Typhoon.GraphicsAdapter\Typhoon.GraphicsAdapter.csproj", "{93939FA3-87ED-492C-9260-904926CA43F7}"
EndProject
Project("{FAE04EC0-301F-11D3-BF4B-00C04F79EFBC}") = "Typhoon.HttpFileServerTest", "Typhoon.HttpFileServerTest\Typhoon.HttpFileServerTest.csproj", "{FF4E04E5-3794-4AE0-8292-65EAE452ED81}"
EndProject
Project("{FAE04EC0-301F-11D3-BF4B-00C04F79EFBC}") = "MFE.Net.Messaging", "MFE.Net.Messaging\MFE.Net.Messaging.csproj", "{8FB4FEF0-9632-45BA-8C0A-39637F449DAB}"
EndProject
Project("{FAE04EC0-301F-11D3-BF4B-00C04F79EFBC}") = "MFE.Net.Managers", "MFE.Net.Managers\MFE.Net.Managers.csproj", "{A9BF75EB-309F-4C13-BD60-93DF443C0827}"
EndProject
Project("{FAE04EC0-301F-11D3-BF4B-00C04F79EFBC}") = "MFE.RegularExpressions", "MFE.RegularExpressions\MFE.RegularExpressions.csproj", "{91D091F9-E1E1-42D8-9101-C4306E20758F}"
EndProject
Project("{2150E333-8FDC-42A3-9474-1A3956D46DE8}") = "Converted", "Converted", "{066E9184-0FBA-4204-8D99-DD9C37B43A4F}"
EndProject
Project("{2150E333-8FDC-42A3-9474-1A3956D46DE8}") = "Converted", "Converted", "{4ABFB98A-BEDA-456C-9669-E40F9690DA07}"
EndProject
Global
	GlobalSection(SolutionConfigurationPlatforms) = preSolution
		Debug|Any CPU = Debug|Any CPU
		Debug|Mixed Platforms = Debug|Mixed Platforms
		Debug|Win32 = Debug|Win32
		Debug|x86 = Debug|x86
		Release|Any CPU = Release|Any CPU
		Release|Mixed Platforms = Release|Mixed Platforms
		Release|Win32 = Release|Win32
		Release|x86 = Release|x86
	EndGlobalSection
	GlobalSection(ProjectConfigurationPlatforms) = postSolution
		{84D700E3-24FC-40B7-87A0-2B341F4DD0C8}.Debug|Any CPU.ActiveCfg = Debug|Any CPU
		{84D700E3-24FC-40B7-87A0-2B341F4DD0C8}.Debug|Any CPU.Build.0 = Debug|Any CPU
		{84D700E3-24FC-40B7-87A0-2B341F4DD0C8}.Debug|Mixed Platforms.ActiveCfg = Debug|Any CPU
		{84D700E3-24FC-40B7-87A0-2B341F4DD0C8}.Debug|Mixed Platforms.Build.0 = Debug|Any CPU
		{84D700E3-24FC-40B7-87A0-2B341F4DD0C8}.Debug|Win32.ActiveCfg = Debug|Any CPU
		{84D700E3-24FC-40B7-87A0-2B341F4DD0C8}.Debug|x86.ActiveCfg = Debug|Any CPU
		{84D700E3-24FC-40B7-87A0-2B341F4DD0C8}.Release|Any CPU.ActiveCfg = Release|Any CPU
		{84D700E3-24FC-40B7-87A0-2B341F4DD0C8}.Release|Any CPU.Build.0 = Release|Any CPU
		{84D700E3-24FC-40B7-87A0-2B341F4DD0C8}.Release|Mixed Platforms.ActiveCfg = Release|Any CPU
		{84D700E3-24FC-40B7-87A0-2B341F4DD0C8}.Release|Mixed Platforms.Build.0 = Release|Any CPU
		{84D700E3-24FC-40B7-87A0-2B341F4DD0C8}.Release|Win32.ActiveCfg = Release|Any CPU
		{84D700E3-24FC-40B7-87A0-2B341F4DD0C8}.Release|x86.ActiveCfg = Release|Any CPU
		{E2B5F4B2-6E66-4176-BBAA-F126512C7DCB}.Debug|Any CPU.ActiveCfg = Debug|x86
		{E2B5F4B2-6E66-4176-BBAA-F126512C7DCB}.Debug|Any CPU.Build.0 = Debug|x86
		{E2B5F4B2-6E66-4176-BBAA-F126512C7DCB}.Debug|Mixed Platforms.ActiveCfg = Debug|x86
		{E2B5F4B2-6E66-4176-BBAA-F126512C7DCB}.Debug|Mixed Platforms.Build.0 = Debug|x86
		{E2B5F4B2-6E66-4176-BBAA-F126512C7DCB}.Debug|Win32.ActiveCfg = Debug|x86
		{E2B5F4B2-6E66-4176-BBAA-F126512C7DCB}.Debug|x86.ActiveCfg = Debug|x86
		{E2B5F4B2-6E66-4176-BBAA-F126512C7DCB}.Debug|x86.Build.0 = Debug|x86
		{E2B5F4B2-6E66-4176-BBAA-F126512C7DCB}.Release|Any CPU.ActiveCfg = Release|x86
		{E2B5F4B2-6E66-4176-BBAA-F126512C7DCB}.Release|Any CPU.Build.0 = Release|x86
		{E2B5F4B2-6E66-4176-BBAA-F126512C7DCB}.Release|Mixed Platforms.ActiveCfg = Release|x86
		{E2B5F4B2-6E66-4176-BBAA-F126512C7DCB}.Release|Mixed Platforms.Build.0 = Release|x86
		{E2B5F4B2-6E66-4176-BBAA-F126512C7DCB}.Release|Win32.ActiveCfg = Release|x86
		{E2B5F4B2-6E66-4176-BBAA-F126512C7DCB}.Release|x86.ActiveCfg = Release|x86
		{E2B5F4B2-6E66-4176-BBAA-F126512C7DCB}.Release|x86.Build.0 = Release|x86
		{9BCB9A7E-33DE-4136-8666-8BC3FB260E9B}.Debug|Any CPU.ActiveCfg = Debug|Any CPU
		{9BCB9A7E-33DE-4136-8666-8BC3FB260E9B}.Debug|Any CPU.Build.0 = Debug|Any CPU
		{9BCB9A7E-33DE-4136-8666-8BC3FB260E9B}.Debug|Mixed Platforms.ActiveCfg = Debug|Any CPU
		{9BCB9A7E-33DE-4136-8666-8BC3FB260E9B}.Debug|Mixed Platforms.Build.0 = Debug|Any CPU
		{9BCB9A7E-33DE-4136-8666-8BC3FB260E9B}.Debug|Win32.ActiveCfg = Debug|Any CPU
		{9BCB9A7E-33DE-4136-8666-8BC3FB260E9B}.Debug|x86.ActiveCfg = Debug|Any CPU
		{9BCB9A7E-33DE-4136-8666-8BC3FB260E9B}.Release|Any CPU.ActiveCfg = Release|Any CPU
		{9BCB9A7E-33DE-4136-8666-8BC3FB260E9B}.Release|Any CPU.Build.0 = Release|Any CPU
		{9BCB9A7E-33DE-4136-8666-8BC3FB260E9B}.Release|Mixed Platforms.ActiveCfg = Release|Any CPU
		{9BCB9A7E-33DE-4136-8666-8BC3FB260E9B}.Release|Mixed Platforms.Build.0 = Release|Any CPU
		{9BCB9A7E-33DE-4136-8666-8BC3FB260E9B}.Release|Win32.ActiveCfg = Release|Any CPU
		{9BCB9A7E-33DE-4136-8666-8BC3FB260E9B}.Release|x86.ActiveCfg = Release|Any CPU
		{52133582-D7C3-433B-B0F5-B6D5651B4399}.Debug|Any CPU.ActiveCfg = Debug|Any CPU
		{52133582-D7C3-433B-B0F5-B6D5651B4399}.Debug|Any CPU.Build.0 = Debug|Any CPU
		{52133582-D7C3-433B-B0F5-B6D5651B4399}.Debug|Mixed Platforms.ActiveCfg = Debug|Any CPU
		{52133582-D7C3-433B-B0F5-B6D5651B4399}.Debug|Mixed Platforms.Build.0 = Debug|Any CPU
		{52133582-D7C3-433B-B0F5-B6D5651B4399}.Debug|Win32.ActiveCfg = Debug|Any CPU
		{52133582-D7C3-433B-B0F5-B6D5651B4399}.Debug|x86.ActiveCfg = Debug|Any CPU
		{52133582-D7C3-433B-B0F5-B6D5651B4399}.Release|Any CPU.ActiveCfg = Release|Any CPU
		{52133582-D7C3-433B-B0F5-B6D5651B4399}.Release|Any CPU.Build.0 = Release|Any CPU
		{52133582-D7C3-433B-B0F5-B6D5651B4399}.Release|Mixed Platforms.ActiveCfg = Release|Any CPU
		{52133582-D7C3-433B-B0F5-B6D5651B4399}.Release|Mixed Platforms.Build.0 = Release|Any CPU
		{52133582-D7C3-433B-B0F5-B6D5651B4399}.Release|Win32.ActiveCfg = Release|Any CPU
		{52133582-D7C3-433B-B0F5-B6D5651B4399}.Release|x86.ActiveCfg = Release|Any CPU
		{C1B8B31C-88D4-43B6-8179-98A27C44AAB5}.Debug|Any CPU.ActiveCfg = Debug|Any CPU
		{C1B8B31C-88D4-43B6-8179-98A27C44AAB5}.Debug|Any CPU.Build.0 = Debug|Any CPU
		{C1B8B31C-88D4-43B6-8179-98A27C44AAB5}.Debug|Mixed Platforms.ActiveCfg = Debug|Any CPU
		{C1B8B31C-88D4-43B6-8179-98A27C44AAB5}.Debug|Mixed Platforms.Build.0 = Debug|Any CPU
		{C1B8B31C-88D4-43B6-8179-98A27C44AAB5}.Debug|Win32.ActiveCfg = Debug|Any CPU
		{C1B8B31C-88D4-43B6-8179-98A27C44AAB5}.Debug|x86.ActiveCfg = Debug|Any CPU
		{C1B8B31C-88D4-43B6-8179-98A27C44AAB5}.Release|Any CPU.ActiveCfg = Release|Any CPU
		{C1B8B31C-88D4-43B6-8179-98A27C44AAB5}.Release|Any CPU.Build.0 = Release|Any CPU
		{C1B8B31C-88D4-43B6-8179-98A27C44AAB5}.Release|Mixed Platforms.ActiveCfg = Release|Any CPU
		{C1B8B31C-88D4-43B6-8179-98A27C44AAB5}.Release|Mixed Platforms.Build.0 = Release|Any CPU
		{C1B8B31C-88D4-43B6-8179-98A27C44AAB5}.Release|Win32.ActiveCfg = Release|Any CPU
		{C1B8B31C-88D4-43B6-8179-98A27C44AAB5}.Release|x86.ActiveCfg = Release|Any CPU
		{FB19AC0E-87EC-42B3-85AE-1C40E7A3B127}.Debug|Any CPU.ActiveCfg = Debug|Any CPU
		{FB19AC0E-87EC-42B3-85AE-1C40E7A3B127}.Debug|Any CPU.Build.0 = Debug|Any CPU
		{FB19AC0E-87EC-42B3-85AE-1C40E7A3B127}.Debug|Mixed Platforms.ActiveCfg = Debug|Any CPU
		{FB19AC0E-87EC-42B3-85AE-1C40E7A3B127}.Debug|Mixed Platforms.Build.0 = Debug|Any CPU
		{FB19AC0E-87EC-42B3-85AE-1C40E7A3B127}.Debug|Win32.ActiveCfg = Debug|Any CPU
		{FB19AC0E-87EC-42B3-85AE-1C40E7A3B127}.Debug|x86.ActiveCfg = Debug|Any CPU
		{FB19AC0E-87EC-42B3-85AE-1C40E7A3B127}.Release|Any CPU.ActiveCfg = Release|Any CPU
		{FB19AC0E-87EC-42B3-85AE-1C40E7A3B127}.Release|Any CPU.Build.0 = Release|Any CPU
		{FB19AC0E-87EC-42B3-85AE-1C40E7A3B127}.Release|Mixed Platforms.ActiveCfg = Release|Any CPU
		{FB19AC0E-87EC-42B3-85AE-1C40E7A3B127}.Release|Mixed Platforms.Build.0 = Release|Any CPU
		{FB19AC0E-87EC-42B3-85AE-1C40E7A3B127}.Release|Win32.ActiveCfg = Release|Any CPU
		{FB19AC0E-87EC-42B3-85AE-1C40E7A3B127}.Release|x86.ActiveCfg = Release|Any CPU
		{12196C51-7C03-4F2B-9237-2562096BD1AF}.Debug|Any CPU.ActiveCfg = Debug|Any CPU
		{12196C51-7C03-4F2B-9237-2562096BD1AF}.Debug|Any CPU.Build.0 = Debug|Any CPU
		{12196C51-7C03-4F2B-9237-2562096BD1AF}.Debug|Mixed Platforms.ActiveCfg = Debug|Any CPU
		{12196C51-7C03-4F2B-9237-2562096BD1AF}.Debug|Mixed Platforms.Build.0 = Debug|Any CPU
		{12196C51-7C03-4F2B-9237-2562096BD1AF}.Debug|Win32.ActiveCfg = Debug|Any CPU
		{12196C51-7C03-4F2B-9237-2562096BD1AF}.Debug|x86.ActiveCfg = Debug|Any CPU
		{12196C51-7C03-4F2B-9237-2562096BD1AF}.Release|Any CPU.ActiveCfg = Release|Any CPU
		{12196C51-7C03-4F2B-9237-2562096BD1AF}.Release|Any CPU.Build.0 = Release|Any CPU
		{12196C51-7C03-4F2B-9237-2562096BD1AF}.Release|Mixed Platforms.ActiveCfg = Release|Any CPU
		{12196C51-7C03-4F2B-9237-2562096BD1AF}.Release|Mixed Platforms.Build.0 = Release|Any CPU
		{12196C51-7C03-4F2B-9237-2562096BD1AF}.Release|Win32.ActiveCfg = Release|Any CPU
		{12196C51-7C03-4F2B-9237-2562096BD1AF}.Release|x86.ActiveCfg = Release|Any CPU
		{1246FF14-B677-4E36-86A5-63C157D7FCDA}.Debug|Any CPU.ActiveCfg = Debug|Any CPU
		{1246FF14-B677-4E36-86A5-63C157D7FCDA}.Debug|Mixed Platforms.ActiveCfg = Debug|Any CPU
		{1246FF14-B677-4E36-86A5-63C157D7FCDA}.Debug|Mixed Platforms.Build.0 = Debug|Any CPU
		{1246FF14-B677-4E36-86A5-63C157D7FCDA}.Debug|Win32.ActiveCfg = Debug|Any CPU
		{1246FF14-B677-4E36-86A5-63C157D7FCDA}.Debug|x86.ActiveCfg = Debug|Any CPU
		{1246FF14-B677-4E36-86A5-63C157D7FCDA}.Release|Any CPU.ActiveCfg = Release|Any CPU
		{1246FF14-B677-4E36-86A5-63C157D7FCDA}.Release|Mixed Platforms.ActiveCfg = Release|Any CPU
		{1246FF14-B677-4E36-86A5-63C157D7FCDA}.Release|Mixed Platforms.Build.0 = Release|Any CPU
		{1246FF14-B677-4E36-86A5-63C157D7FCDA}.Release|Win32.ActiveCfg = Release|Any CPU
		{1246FF14-B677-4E36-86A5-63C157D7FCDA}.Release|x86.ActiveCfg = Release|Any CPU
		{2BA276B6-6D72-4175-9A17-7C239F1737E4}.Debug|Any CPU.ActiveCfg = Debug|Any CPU
		{2BA276B6-6D72-4175-9A17-7C239F1737E4}.Debug|Any CPU.Build.0 = Debug|Any CPU
		{2BA276B6-6D72-4175-9A17-7C239F1737E4}.Debug|Mixed Platforms.ActiveCfg = Debug|Any CPU
		{2BA276B6-6D72-4175-9A17-7C239F1737E4}.Debug|Mixed Platforms.Build.0 = Debug|Any CPU
		{2BA276B6-6D72-4175-9A17-7C239F1737E4}.Debug|Win32.ActiveCfg = Debug|Any CPU
		{2BA276B6-6D72-4175-9A17-7C239F1737E4}.Debug|x86.ActiveCfg = Debug|Any CPU
		{2BA276B6-6D72-4175-9A17-7C239F1737E4}.Release|Any CPU.ActiveCfg = Release|Any CPU
		{2BA276B6-6D72-4175-9A17-7C239F1737E4}.Release|Any CPU.Build.0 = Release|Any CPU
		{2BA276B6-6D72-4175-9A17-7C239F1737E4}.Release|Mixed Platforms.ActiveCfg = Release|Any CPU
		{2BA276B6-6D72-4175-9A17-7C239F1737E4}.Release|Mixed Platforms.Build.0 = Release|Any CPU
		{2BA276B6-6D72-4175-9A17-7C239F1737E4}.Release|Win32.ActiveCfg = Release|Any CPU
		{2BA276B6-6D72-4175-9A17-7C239F1737E4}.Release|x86.ActiveCfg = Release|Any CPU
		{30BC89C8-A925-4CEF-9E40-513EA11706CD}.Debug|Any CPU.ActiveCfg = Debug|Any CPU
		{30BC89C8-A925-4CEF-9E40-513EA11706CD}.Debug|Any CPU.Build.0 = Debug|Any CPU
		{30BC89C8-A925-4CEF-9E40-513EA11706CD}.Debug|Any CPU.Deploy.0 = Debug|Any CPU
		{30BC89C8-A925-4CEF-9E40-513EA11706CD}.Debug|Mixed Platforms.ActiveCfg = Debug|Any CPU
		{30BC89C8-A925-4CEF-9E40-513EA11706CD}.Debug|Mixed Platforms.Build.0 = Debug|Any CPU
		{30BC89C8-A925-4CEF-9E40-513EA11706CD}.Debug|Mixed Platforms.Deploy.0 = Debug|Any CPU
		{30BC89C8-A925-4CEF-9E40-513EA11706CD}.Debug|Win32.ActiveCfg = Debug|Any CPU
		{30BC89C8-A925-4CEF-9E40-513EA11706CD}.Debug|x86.ActiveCfg = Debug|Any CPU
		{30BC89C8-A925-4CEF-9E40-513EA11706CD}.Release|Any CPU.ActiveCfg = Release|Any CPU
		{30BC89C8-A925-4CEF-9E40-513EA11706CD}.Release|Any CPU.Build.0 = Release|Any CPU
		{30BC89C8-A925-4CEF-9E40-513EA11706CD}.Release|Any CPU.Deploy.0 = Release|Any CPU
		{30BC89C8-A925-4CEF-9E40-513EA11706CD}.Release|Mixed Platforms.ActiveCfg = Release|Any CPU
		{30BC89C8-A925-4CEF-9E40-513EA11706CD}.Release|Mixed Platforms.Build.0 = Release|Any CPU
		{30BC89C8-A925-4CEF-9E40-513EA11706CD}.Release|Mixed Platforms.Deploy.0 = Release|Any CPU
		{30BC89C8-A925-4CEF-9E40-513EA11706CD}.Release|Win32.ActiveCfg = Release|Any CPU
		{30BC89C8-A925-4CEF-9E40-513EA11706CD}.Release|x86.ActiveCfg = Release|Any CPU
		{A488DFF1-6E28-4A4C-A415-0E98F8B375E6}.Debug|Any CPU.ActiveCfg = Debug|Any CPU
		{A488DFF1-6E28-4A4C-A415-0E98F8B375E6}.Debug|Any CPU.Build.0 = Debug|Any CPU
		{A488DFF1-6E28-4A4C-A415-0E98F8B375E6}.Debug|Mixed Platforms.ActiveCfg = Debug|Any CPU
		{A488DFF1-6E28-4A4C-A415-0E98F8B375E6}.Debug|Mixed Platforms.Build.0 = Debug|Any CPU
		{A488DFF1-6E28-4A4C-A415-0E98F8B375E6}.Debug|Win32.ActiveCfg = Debug|Any CPU
		{A488DFF1-6E28-4A4C-A415-0E98F8B375E6}.Debug|x86.ActiveCfg = Debug|Any CPU
		{A488DFF1-6E28-4A4C-A415-0E98F8B375E6}.Release|Any CPU.ActiveCfg = Release|Any CPU
		{A488DFF1-6E28-4A4C-A415-0E98F8B375E6}.Release|Any CPU.Build.0 = Release|Any CPU
		{A488DFF1-6E28-4A4C-A415-0E98F8B375E6}.Release|Mixed Platforms.ActiveCfg = Release|Any CPU
		{A488DFF1-6E28-4A4C-A415-0E98F8B375E6}.Release|Mixed Platforms.Build.0 = Release|Any CPU
		{A488DFF1-6E28-4A4C-A415-0E98F8B375E6}.Release|Win32.ActiveCfg = Release|Any CPU
		{A488DFF1-6E28-4A4C-A415-0E98F8B375E6}.Release|x86.ActiveCfg = Release|Any CPU
		{00798CB1-AD59-42DE-9554-49473E1DDF61}.Debug|Any CPU.ActiveCfg = Debug|Any CPU
		{00798CB1-AD59-42DE-9554-49473E1DDF61}.Debug|Any CPU.Build.0 = Debug|Any CPU
		{00798CB1-AD59-42DE-9554-49473E1DDF61}.Debug|Mixed Platforms.ActiveCfg = Debug|Any CPU
		{00798CB1-AD59-42DE-9554-49473E1DDF61}.Debug|Mixed Platforms.Build.0 = Debug|Any CPU
		{00798CB1-AD59-42DE-9554-49473E1DDF61}.Debug|Win32.ActiveCfg = Debug|Any CPU
		{00798CB1-AD59-42DE-9554-49473E1DDF61}.Debug|x86.ActiveCfg = Debug|Any CPU
		{00798CB1-AD59-42DE-9554-49473E1DDF61}.Release|Any CPU.ActiveCfg = Release|Any CPU
		{00798CB1-AD59-42DE-9554-49473E1DDF61}.Release|Any CPU.Build.0 = Release|Any CPU
		{00798CB1-AD59-42DE-9554-49473E1DDF61}.Release|Mixed Platforms.ActiveCfg = Release|Any CPU
		{00798CB1-AD59-42DE-9554-49473E1DDF61}.Release|Mixed Platforms.Build.0 = Release|Any CPU
		{00798CB1-AD59-42DE-9554-49473E1DDF61}.Release|Win32.ActiveCfg = Release|Any CPU
		{00798CB1-AD59-42DE-9554-49473E1DDF61}.Release|x86.ActiveCfg = Release|Any CPU
		{4CC63A08-2BAC-45F9-B20E-AAFB928C6630}.Debug|Any CPU.ActiveCfg = Debug|Any CPU
		{4CC63A08-2BAC-45F9-B20E-AAFB928C6630}.Debug|Any CPU.Build.0 = Debug|Any CPU
		{4CC63A08-2BAC-45F9-B20E-AAFB928C6630}.Debug|Mixed Platforms.ActiveCfg = Debug|Any CPU
		{4CC63A08-2BAC-45F9-B20E-AAFB928C6630}.Debug|Mixed Platforms.Build.0 = Debug|Any CPU
		{4CC63A08-2BAC-45F9-B20E-AAFB928C6630}.Debug|Win32.ActiveCfg = Debug|Any CPU
		{4CC63A08-2BAC-45F9-B20E-AAFB928C6630}.Debug|x86.ActiveCfg = Debug|Any CPU
		{4CC63A08-2BAC-45F9-B20E-AAFB928C6630}.Release|Any CPU.ActiveCfg = Release|Any CPU
		{4CC63A08-2BAC-45F9-B20E-AAFB928C6630}.Release|Any CPU.Build.0 = Release|Any CPU
		{4CC63A08-2BAC-45F9-B20E-AAFB928C6630}.Release|Mixed Platforms.ActiveCfg = Release|Any CPU
		{4CC63A08-2BAC-45F9-B20E-AAFB928C6630}.Release|Mixed Platforms.Build.0 = Release|Any CPU
		{4CC63A08-2BAC-45F9-B20E-AAFB928C6630}.Release|Win32.ActiveCfg = Release|Any CPU
		{4CC63A08-2BAC-45F9-B20E-AAFB928C6630}.Release|x86.ActiveCfg = Release|Any CPU
		{B2844FAB-F215-4428-B564-287331C5ABB6}.Debug|Any CPU.ActiveCfg = Debug|Any CPU
		{B2844FAB-F215-4428-B564-287331C5ABB6}.Debug|Any CPU.Build.0 = Debug|Any CPU
		{B2844FAB-F215-4428-B564-287331C5ABB6}.Debug|Any CPU.Deploy.0 = Debug|Any CPU
		{B2844FAB-F215-4428-B564-287331C5ABB6}.Debug|Mixed Platforms.ActiveCfg = Debug|Any CPU
		{B2844FAB-F215-4428-B564-287331C5ABB6}.Debug|Mixed Platforms.Build.0 = Debug|Any CPU
		{B2844FAB-F215-4428-B564-287331C5ABB6}.Debug|Mixed Platforms.Deploy.0 = Debug|Any CPU
		{B2844FAB-F215-4428-B564-287331C5ABB6}.Debug|Win32.ActiveCfg = Debug|Any CPU
		{B2844FAB-F215-4428-B564-287331C5ABB6}.Debug|x86.ActiveCfg = Debug|Any CPU
		{B2844FAB-F215-4428-B564-287331C5ABB6}.Release|Any CPU.ActiveCfg = Release|Any CPU
		{B2844FAB-F215-4428-B564-287331C5ABB6}.Release|Any CPU.Build.0 = Release|Any CPU
		{B2844FAB-F215-4428-B564-287331C5ABB6}.Release|Any CPU.Deploy.0 = Release|Any CPU
		{B2844FAB-F215-4428-B564-287331C5ABB6}.Release|Mixed Platforms.ActiveCfg = Release|Any CPU
		{B2844FAB-F215-4428-B564-287331C5ABB6}.Release|Mixed Platforms.Build.0 = Release|Any CPU
		{B2844FAB-F215-4428-B564-287331C5ABB6}.Release|Mixed Platforms.Deploy.0 = Release|Any CPU
		{B2844FAB-F215-4428-B564-287331C5ABB6}.Release|Win32.ActiveCfg = Release|Any CPU
		{B2844FAB-F215-4428-B564-287331C5ABB6}.Release|x86.ActiveCfg = Release|Any CPU
		{8CFF5B22-907F-470D-884B-1AA14D6F0710}.Debug|Any CPU.ActiveCfg = Debug|Any CPU
		{8CFF5B22-907F-470D-884B-1AA14D6F0710}.Debug|Any CPU.Build.0 = Debug|Any CPU
		{8CFF5B22-907F-470D-884B-1AA14D6F0710}.Debug|Mixed Platforms.ActiveCfg = Debug|Any CPU
		{8CFF5B22-907F-470D-884B-1AA14D6F0710}.Debug|Mixed Platforms.Build.0 = Debug|Any CPU
		{8CFF5B22-907F-470D-884B-1AA14D6F0710}.Debug|Win32.ActiveCfg = Debug|Any CPU
		{8CFF5B22-907F-470D-884B-1AA14D6F0710}.Debug|x86.ActiveCfg = Debug|Any CPU
		{8CFF5B22-907F-470D-884B-1AA14D6F0710}.Release|Any CPU.ActiveCfg = Release|Any CPU
		{8CFF5B22-907F-470D-884B-1AA14D6F0710}.Release|Any CPU.Build.0 = Release|Any CPU
		{8CFF5B22-907F-470D-884B-1AA14D6F0710}.Release|Mixed Platforms.ActiveCfg = Release|Any CPU
		{8CFF5B22-907F-470D-884B-1AA14D6F0710}.Release|Mixed Platforms.Build.0 = Release|Any CPU
		{8CFF5B22-907F-470D-884B-1AA14D6F0710}.Release|Win32.ActiveCfg = Release|Any CPU
		{8CFF5B22-907F-470D-884B-1AA14D6F0710}.Release|x86.ActiveCfg = Release|Any CPU
		{27C90F37-990E-4881-AD82-BCE15A4342DD}.Debug|Any CPU.ActiveCfg = Debug|Any CPU
		{27C90F37-990E-4881-AD82-BCE15A4342DD}.Debug|Any CPU.Build.0 = Debug|Any CPU
		{27C90F37-990E-4881-AD82-BCE15A4342DD}.Debug|Mixed Platforms.ActiveCfg = Debug|Any CPU
		{27C90F37-990E-4881-AD82-BCE15A4342DD}.Debug|Mixed Platforms.Build.0 = Debug|Any CPU
		{27C90F37-990E-4881-AD82-BCE15A4342DD}.Debug|Win32.ActiveCfg = Debug|Any CPU
		{27C90F37-990E-4881-AD82-BCE15A4342DD}.Debug|x86.ActiveCfg = Debug|Any CPU
		{27C90F37-990E-4881-AD82-BCE15A4342DD}.Release|Any CPU.ActiveCfg = Release|Any CPU
		{27C90F37-990E-4881-AD82-BCE15A4342DD}.Release|Any CPU.Build.0 = Release|Any CPU
		{27C90F37-990E-4881-AD82-BCE15A4342DD}.Release|Mixed Platforms.ActiveCfg = Release|Any CPU
		{27C90F37-990E-4881-AD82-BCE15A4342DD}.Release|Mixed Platforms.Build.0 = Release|Any CPU
		{27C90F37-990E-4881-AD82-BCE15A4342DD}.Release|Win32.ActiveCfg = Release|Any CPU
		{27C90F37-990E-4881-AD82-BCE15A4342DD}.Release|x86.ActiveCfg = Release|Any CPU
		{D462A667-3F02-4376-BA2A-F1D72BD00296}.Debug|Any CPU.ActiveCfg = Debug|Any CPU
		{D462A667-3F02-4376-BA2A-F1D72BD00296}.Debug|Any CPU.Build.0 = Debug|Any CPU
		{D462A667-3F02-4376-BA2A-F1D72BD00296}.Debug|Mixed Platforms.ActiveCfg = Debug|Any CPU
		{D462A667-3F02-4376-BA2A-F1D72BD00296}.Debug|Mixed Platforms.Build.0 = Debug|Any CPU
		{D462A667-3F02-4376-BA2A-F1D72BD00296}.Debug|Win32.ActiveCfg = Debug|Any CPU
		{D462A667-3F02-4376-BA2A-F1D72BD00296}.Debug|x86.ActiveCfg = Debug|Any CPU
		{D462A667-3F02-4376-BA2A-F1D72BD00296}.Release|Any CPU.ActiveCfg = Release|Any CPU
		{D462A667-3F02-4376-BA2A-F1D72BD00296}.Release|Any CPU.Build.0 = Release|Any CPU
		{D462A667-3F02-4376-BA2A-F1D72BD00296}.Release|Mixed Platforms.ActiveCfg = Release|Any CPU
		{D462A667-3F02-4376-BA2A-F1D72BD00296}.Release|Mixed Platforms.Build.0 = Release|Any CPU
		{D462A667-3F02-4376-BA2A-F1D72BD00296}.Release|Win32.ActiveCfg = Release|Any CPU
		{D462A667-3F02-4376-BA2A-F1D72BD00296}.Release|x86.ActiveCfg = Release|Any CPU
		{085C8341-8EA5-43F5-8B9E-07FED9B79563}.Debug|Any CPU.ActiveCfg = Debug|Any CPU
		{085C8341-8EA5-43F5-8B9E-07FED9B79563}.Debug|Any CPU.Build.0 = Debug|Any CPU
		{085C8341-8EA5-43F5-8B9E-07FED9B79563}.Debug|Mixed Platforms.ActiveCfg = Debug|Any CPU
		{085C8341-8EA5-43F5-8B9E-07FED9B79563}.Debug|Mixed Platforms.Build.0 = Debug|Any CPU
		{085C8341-8EA5-43F5-8B9E-07FED9B79563}.Debug|Win32.ActiveCfg = Debug|Any CPU
		{085C8341-8EA5-43F5-8B9E-07FED9B79563}.Debug|x86.ActiveCfg = Debug|Any CPU
		{085C8341-8EA5-43F5-8B9E-07FED9B79563}.Release|Any CPU.ActiveCfg = Release|Any CPU
		{085C8341-8EA5-43F5-8B9E-07FED9B79563}.Release|Any CPU.Build.0 = Release|Any CPU
		{085C8341-8EA5-43F5-8B9E-07FED9B79563}.Release|Mixed Platforms.ActiveCfg = Release|Any CPU
		{085C8341-8EA5-43F5-8B9E-07FED9B79563}.Release|Mixed Platforms.Build.0 = Release|Any CPU
		{085C8341-8EA5-43F5-8B9E-07FED9B79563}.Release|Win32.ActiveCfg = Release|Any CPU
		{085C8341-8EA5-43F5-8B9E-07FED9B79563}.Release|x86.ActiveCfg = Release|Any CPU
		{5D72074A-9575-4FDF-94FD-6339F6B54893}.Debug|Any CPU.ActiveCfg = Debug|Any CPU
		{5D72074A-9575-4FDF-94FD-6339F6B54893}.Debug|Any CPU.Build.0 = Debug|Any CPU
		{5D72074A-9575-4FDF-94FD-6339F6B54893}.Debug|Mixed Platforms.ActiveCfg = Debug|Any CPU
		{5D72074A-9575-4FDF-94FD-6339F6B54893}.Debug|Mixed Platforms.Build.0 = Debug|Any CPU
		{5D72074A-9575-4FDF-94FD-6339F6B54893}.Debug|Win32.ActiveCfg = Debug|Any CPU
		{5D72074A-9575-4FDF-94FD-6339F6B54893}.Debug|x86.ActiveCfg = Debug|Any CPU
		{5D72074A-9575-4FDF-94FD-6339F6B54893}.Release|Any CPU.ActiveCfg = Release|Any CPU
		{5D72074A-9575-4FDF-94FD-6339F6B54893}.Release|Any CPU.Build.0 = Release|Any CPU
		{5D72074A-9575-4FDF-94FD-6339F6B54893}.Release|Mixed Platforms.ActiveCfg = Release|Any CPU
		{5D72074A-9575-4FDF-94FD-6339F6B54893}.Release|Mixed Platforms.Build.0 = Release|Any CPU
		{5D72074A-9575-4FDF-94FD-6339F6B54893}.Release|Win32.ActiveCfg = Release|Any CPU
		{5D72074A-9575-4FDF-94FD-6339F6B54893}.Release|x86.ActiveCfg = Release|Any CPU
		{E885C50A-8B79-4D2F-9FA6-23D17E7E2BAC}.Debug|Any CPU.ActiveCfg = Debug|Any CPU
		{E885C50A-8B79-4D2F-9FA6-23D17E7E2BAC}.Debug|Any CPU.Build.0 = Debug|Any CPU
		{E885C50A-8B79-4D2F-9FA6-23D17E7E2BAC}.Debug|Mixed Platforms.ActiveCfg = Debug|Any CPU
		{E885C50A-8B79-4D2F-9FA6-23D17E7E2BAC}.Debug|Mixed Platforms.Build.0 = Debug|Any CPU
		{E885C50A-8B79-4D2F-9FA6-23D17E7E2BAC}.Debug|Win32.ActiveCfg = Debug|Any CPU
		{E885C50A-8B79-4D2F-9FA6-23D17E7E2BAC}.Debug|x86.ActiveCfg = Debug|Any CPU
		{E885C50A-8B79-4D2F-9FA6-23D17E7E2BAC}.Release|Any CPU.ActiveCfg = Release|Any CPU
		{E885C50A-8B79-4D2F-9FA6-23D17E7E2BAC}.Release|Any CPU.Build.0 = Release|Any CPU
		{E885C50A-8B79-4D2F-9FA6-23D17E7E2BAC}.Release|Mixed Platforms.ActiveCfg = Release|Any CPU
		{E885C50A-8B79-4D2F-9FA6-23D17E7E2BAC}.Release|Mixed Platforms.Build.0 = Release|Any CPU
		{E885C50A-8B79-4D2F-9FA6-23D17E7E2BAC}.Release|Win32.ActiveCfg = Release|Any CPU
		{E885C50A-8B79-4D2F-9FA6-23D17E7E2BAC}.Release|x86.ActiveCfg = Release|Any CPU
		{68349718-C83B-4AB2-A990-6058A50C8B6C}.Debug|Any CPU.ActiveCfg = Debug|Any CPU
		{68349718-C83B-4AB2-A990-6058A50C8B6C}.Debug|Any CPU.Build.0 = Debug|Any CPU
		{68349718-C83B-4AB2-A990-6058A50C8B6C}.Debug|Any CPU.Deploy.0 = Debug|Any CPU
		{68349718-C83B-4AB2-A990-6058A50C8B6C}.Debug|Mixed Platforms.ActiveCfg = Debug|Any CPU
		{68349718-C83B-4AB2-A990-6058A50C8B6C}.Debug|Mixed Platforms.Build.0 = Debug|Any CPU
		{68349718-C83B-4AB2-A990-6058A50C8B6C}.Debug|Mixed Platforms.Deploy.0 = Debug|Any CPU
		{68349718-C83B-4AB2-A990-6058A50C8B6C}.Debug|Win32.ActiveCfg = Debug|Any CPU
		{68349718-C83B-4AB2-A990-6058A50C8B6C}.Debug|x86.ActiveCfg = Debug|Any CPU
		{68349718-C83B-4AB2-A990-6058A50C8B6C}.Release|Any CPU.ActiveCfg = Release|Any CPU
		{68349718-C83B-4AB2-A990-6058A50C8B6C}.Release|Any CPU.Build.0 = Release|Any CPU
		{68349718-C83B-4AB2-A990-6058A50C8B6C}.Release|Any CPU.Deploy.0 = Release|Any CPU
		{68349718-C83B-4AB2-A990-6058A50C8B6C}.Release|Mixed Platforms.ActiveCfg = Release|Any CPU
		{68349718-C83B-4AB2-A990-6058A50C8B6C}.Release|Mixed Platforms.Build.0 = Release|Any CPU
		{68349718-C83B-4AB2-A990-6058A50C8B6C}.Release|Mixed Platforms.Deploy.0 = Release|Any CPU
		{68349718-C83B-4AB2-A990-6058A50C8B6C}.Release|Win32.ActiveCfg = Release|Any CPU
		{68349718-C83B-4AB2-A990-6058A50C8B6C}.Release|x86.ActiveCfg = Release|Any CPU
		{64794C5E-3B82-41B6-8BA6-39BF531EBBF2}.Debug|Any CPU.ActiveCfg = Debug|Any CPU
		{64794C5E-3B82-41B6-8BA6-39BF531EBBF2}.Debug|Any CPU.Build.0 = Debug|Any CPU
		{64794C5E-3B82-41B6-8BA6-39BF531EBBF2}.Debug|Any CPU.Deploy.0 = Debug|Any CPU
		{64794C5E-3B82-41B6-8BA6-39BF531EBBF2}.Debug|Mixed Platforms.ActiveCfg = Debug|Any CPU
		{64794C5E-3B82-41B6-8BA6-39BF531EBBF2}.Debug|Mixed Platforms.Build.0 = Debug|Any CPU
		{64794C5E-3B82-41B6-8BA6-39BF531EBBF2}.Debug|Mixed Platforms.Deploy.0 = Debug|Any CPU
		{64794C5E-3B82-41B6-8BA6-39BF531EBBF2}.Debug|Win32.ActiveCfg = Debug|Any CPU
		{64794C5E-3B82-41B6-8BA6-39BF531EBBF2}.Debug|x86.ActiveCfg = Debug|Any CPU
		{64794C5E-3B82-41B6-8BA6-39BF531EBBF2}.Release|Any CPU.ActiveCfg = Release|Any CPU
		{64794C5E-3B82-41B6-8BA6-39BF531EBBF2}.Release|Any CPU.Build.0 = Release|Any CPU
		{64794C5E-3B82-41B6-8BA6-39BF531EBBF2}.Release|Any CPU.Deploy.0 = Release|Any CPU
		{64794C5E-3B82-41B6-8BA6-39BF531EBBF2}.Release|Mixed Platforms.ActiveCfg = Release|Any CPU
		{64794C5E-3B82-41B6-8BA6-39BF531EBBF2}.Release|Mixed Platforms.Build.0 = Release|Any CPU
		{64794C5E-3B82-41B6-8BA6-39BF531EBBF2}.Release|Mixed Platforms.Deploy.0 = Release|Any CPU
		{64794C5E-3B82-41B6-8BA6-39BF531EBBF2}.Release|Win32.ActiveCfg = Release|Any CPU
		{64794C5E-3B82-41B6-8BA6-39BF531EBBF2}.Release|x86.ActiveCfg = Release|Any CPU
		{BF5044B8-D380-4018-BE40-723A5CAB3BB7}.Debug|Any CPU.ActiveCfg = Debug|Any CPU
		{BF5044B8-D380-4018-BE40-723A5CAB3BB7}.Debug|Any CPU.Build.0 = Debug|Any CPU
		{BF5044B8-D380-4018-BE40-723A5CAB3BB7}.Debug|Mixed Platforms.ActiveCfg = Debug|Any CPU
		{BF5044B8-D380-4018-BE40-723A5CAB3BB7}.Debug|Mixed Platforms.Build.0 = Debug|Any CPU
		{BF5044B8-D380-4018-BE40-723A5CAB3BB7}.Debug|Win32.ActiveCfg = Debug|Any CPU
		{BF5044B8-D380-4018-BE40-723A5CAB3BB7}.Debug|x86.ActiveCfg = Debug|Any CPU
		{BF5044B8-D380-4018-BE40-723A5CAB3BB7}.Release|Any CPU.ActiveCfg = Release|Any CPU
		{BF5044B8-D380-4018-BE40-723A5CAB3BB7}.Release|Any CPU.Build.0 = Release|Any CPU
		{BF5044B8-D380-4018-BE40-723A5CAB3BB7}.Release|Mixed Platforms.ActiveCfg = Release|Any CPU
		{BF5044B8-D380-4018-BE40-723A5CAB3BB7}.Release|Mixed Platforms.Build.0 = Release|Any CPU
		{BF5044B8-D380-4018-BE40-723A5CAB3BB7}.Release|Win32.ActiveCfg = Release|Any CPU
		{BF5044B8-D380-4018-BE40-723A5CAB3BB7}.Release|x86.ActiveCfg = Release|Any CPU
		{CBE6E45F-9C69-4855-86DF-271E5CA1B3B1}.Debug|Any CPU.ActiveCfg = Debug|Any CPU
		{CBE6E45F-9C69-4855-86DF-271E5CA1B3B1}.Debug|Any CPU.Build.0 = Debug|Any CPU
		{CBE6E45F-9C69-4855-86DF-271E5CA1B3B1}.Debug|Mixed Platforms.ActiveCfg = Debug|Any CPU
		{CBE6E45F-9C69-4855-86DF-271E5CA1B3B1}.Debug|Mixed Platforms.Build.0 = Debug|Any CPU
		{CBE6E45F-9C69-4855-86DF-271E5CA1B3B1}.Debug|Win32.ActiveCfg = Debug|Any CPU
		{CBE6E45F-9C69-4855-86DF-271E5CA1B3B1}.Debug|x86.ActiveCfg = Debug|Any CPU
		{CBE6E45F-9C69-4855-86DF-271E5CA1B3B1}.Release|Any CPU.ActiveCfg = Release|Any CPU
		{CBE6E45F-9C69-4855-86DF-271E5CA1B3B1}.Release|Any CPU.Build.0 = Release|Any CPU
		{CBE6E45F-9C69-4855-86DF-271E5CA1B3B1}.Release|Mixed Platforms.ActiveCfg = Release|Any CPU
		{CBE6E45F-9C69-4855-86DF-271E5CA1B3B1}.Release|Mixed Platforms.Build.0 = Release|Any CPU
		{CBE6E45F-9C69-4855-86DF-271E5CA1B3B1}.Release|Win32.ActiveCfg = Release|Any CPU
		{CBE6E45F-9C69-4855-86DF-271E5CA1B3B1}.Release|x86.ActiveCfg = Release|Any CPU
		{EAB84AD1-0D97-478A-A949-171B56DEA252}.Debug|Any CPU.ActiveCfg = Debug|Any CPU
		{EAB84AD1-0D97-478A-A949-171B56DEA252}.Debug|Any CPU.Build.0 = Debug|Any CPU
		{EAB84AD1-0D97-478A-A949-171B56DEA252}.Debug|Mixed Platforms.ActiveCfg = Debug|Any CPU
		{EAB84AD1-0D97-478A-A949-171B56DEA252}.Debug|Mixed Platforms.Build.0 = Debug|Any CPU
		{EAB84AD1-0D97-478A-A949-171B56DEA252}.Debug|Win32.ActiveCfg = Debug|Any CPU
		{EAB84AD1-0D97-478A-A949-171B56DEA252}.Debug|x86.ActiveCfg = Debug|Any CPU
		{EAB84AD1-0D97-478A-A949-171B56DEA252}.Release|Any CPU.ActiveCfg = Release|Any CPU
		{EAB84AD1-0D97-478A-A949-171B56DEA252}.Release|Any CPU.Build.0 = Release|Any CPU
		{EAB84AD1-0D97-478A-A949-171B56DEA252}.Release|Mixed Platforms.ActiveCfg = Release|Any CPU
		{EAB84AD1-0D97-478A-A949-171B56DEA252}.Release|Mixed Platforms.Build.0 = Release|Any CPU
		{EAB84AD1-0D97-478A-A949-171B56DEA252}.Release|Win32.ActiveCfg = Release|Any CPU
		{EAB84AD1-0D97-478A-A949-171B56DEA252}.Release|x86.ActiveCfg = Release|Any CPU
		{93939FA3-87ED-492C-9260-904926CA43F7}.Debug|Any CPU.ActiveCfg = Debug|Any CPU
		{93939FA3-87ED-492C-9260-904926CA43F7}.Debug|Any CPU.Build.0 = Debug|Any CPU
		{93939FA3-87ED-492C-9260-904926CA43F7}.Debug|Any CPU.Deploy.0 = Debug|Any CPU
		{93939FA3-87ED-492C-9260-904926CA43F7}.Debug|Mixed Platforms.ActiveCfg = Debug|Any CPU
		{93939FA3-87ED-492C-9260-904926CA43F7}.Debug|Mixed Platforms.Build.0 = Debug|Any CPU
		{93939FA3-87ED-492C-9260-904926CA43F7}.Debug|Mixed Platforms.Deploy.0 = Debug|Any CPU
		{93939FA3-87ED-492C-9260-904926CA43F7}.Debug|Win32.ActiveCfg = Debug|Any CPU
		{93939FA3-87ED-492C-9260-904926CA43F7}.Debug|x86.ActiveCfg = Debug|Any CPU
		{93939FA3-87ED-492C-9260-904926CA43F7}.Release|Any CPU.ActiveCfg = Release|Any CPU
		{93939FA3-87ED-492C-9260-904926CA43F7}.Release|Any CPU.Build.0 = Release|Any CPU
		{93939FA3-87ED-492C-9260-904926CA43F7}.Release|Any CPU.Deploy.0 = Release|Any CPU
		{93939FA3-87ED-492C-9260-904926CA43F7}.Release|Mixed Platforms.ActiveCfg = Release|Any CPU
		{93939FA3-87ED-492C-9260-904926CA43F7}.Release|Mixed Platforms.Build.0 = Release|Any CPU
		{93939FA3-87ED-492C-9260-904926CA43F7}.Release|Mixed Platforms.Deploy.0 = Release|Any CPU
		{93939FA3-87ED-492C-9260-904926CA43F7}.Release|Win32.ActiveCfg = Release|Any CPU
		{93939FA3-87ED-492C-9260-904926CA43F7}.Release|x86.ActiveCfg = Release|Any CPU
		{FF4E04E5-3794-4AE0-8292-65EAE452ED81}.Debug|Any CPU.ActiveCfg = Debug|Any CPU
		{FF4E04E5-3794-4AE0-8292-65EAE452ED81}.Debug|Any CPU.Build.0 = Debug|Any CPU
		{FF4E04E5-3794-4AE0-8292-65EAE452ED81}.Debug|Any CPU.Deploy.0 = Debug|Any CPU
		{FF4E04E5-3794-4AE0-8292-65EAE452ED81}.Debug|Mixed Platforms.ActiveCfg = Debug|Any CPU
		{FF4E04E5-3794-4AE0-8292-65EAE452ED81}.Debug|Mixed Platforms.Build.0 = Debug|Any CPU
		{FF4E04E5-3794-4AE0-8292-65EAE452ED81}.Debug|Mixed Platforms.Deploy.0 = Debug|Any CPU
		{FF4E04E5-3794-4AE0-8292-65EAE452ED81}.Debug|Win32.ActiveCfg = Debug|Any CPU
		{FF4E04E5-3794-4AE0-8292-65EAE452ED81}.Debug|x86.ActiveCfg = Debug|Any CPU
		{FF4E04E5-3794-4AE0-8292-65EAE452ED81}.Release|Any CPU.ActiveCfg = Release|Any CPU
		{FF4E04E5-3794-4AE0-8292-65EAE452ED81}.Release|Any CPU.Build.0 = Release|Any CPU
		{FF4E04E5-3794-4AE0-8292-65EAE452ED81}.Release|Any CPU.Deploy.0 = Release|Any CPU
		{FF4E04E5-3794-4AE0-8292-65EAE452ED81}.Release|Mixed Platforms.ActiveCfg = Release|Any CPU
		{FF4E04E5-3794-4AE0-8292-65EAE452ED81}.Release|Mixed Platforms.Build.0 = Release|Any CPU
		{FF4E04E5-3794-4AE0-8292-65EAE452ED81}.Release|Mixed Platforms.Deploy.0 = Release|Any CPU
		{FF4E04E5-3794-4AE0-8292-65EAE452ED81}.Release|Win32.ActiveCfg = Release|Any CPU
		{FF4E04E5-3794-4AE0-8292-65EAE452ED81}.Release|x86.ActiveCfg = Release|Any CPU
		{8FB4FEF0-9632-45BA-8C0A-39637F449DAB}.Debug|Any CPU.ActiveCfg = Debug|Any CPU
		{8FB4FEF0-9632-45BA-8C0A-39637F449DAB}.Debug|Any CPU.Build.0 = Debug|Any CPU
		{8FB4FEF0-9632-45BA-8C0A-39637F449DAB}.Debug|Mixed Platforms.ActiveCfg = Debug|Any CPU
		{8FB4FEF0-9632-45BA-8C0A-39637F449DAB}.Debug|Mixed Platforms.Build.0 = Debug|Any CPU
		{8FB4FEF0-9632-45BA-8C0A-39637F449DAB}.Debug|Win32.ActiveCfg = Debug|Any CPU
		{8FB4FEF0-9632-45BA-8C0A-39637F449DAB}.Debug|x86.ActiveCfg = Debug|Any CPU
		{8FB4FEF0-9632-45BA-8C0A-39637F449DAB}.Release|Any CPU.ActiveCfg = Release|Any CPU
		{8FB4FEF0-9632-45BA-8C0A-39637F449DAB}.Release|Any CPU.Build.0 = Release|Any CPU
		{8FB4FEF0-9632-45BA-8C0A-39637F449DAB}.Release|Mixed Platforms.ActiveCfg = Release|Any CPU
		{8FB4FEF0-9632-45BA-8C0A-39637F449DAB}.Release|Mixed Platforms.Build.0 = Release|Any CPU
		{8FB4FEF0-9632-45BA-8C0A-39637F449DAB}.Release|Win32.ActiveCfg = Release|Any CPU
		{8FB4FEF0-9632-45BA-8C0A-39637F449DAB}.Release|x86.ActiveCfg = Release|Any CPU
		{A9BF75EB-309F-4C13-BD60-93DF443C0827}.Debug|Any CPU.ActiveCfg = Debug|Any CPU
		{A9BF75EB-309F-4C13-BD60-93DF443C0827}.Debug|Any CPU.Build.0 = Debug|Any CPU
		{A9BF75EB-309F-4C13-BD60-93DF443C0827}.Debug|Mixed Platforms.ActiveCfg = Debug|Any CPU
		{A9BF75EB-309F-4C13-BD60-93DF443C0827}.Debug|Mixed Platforms.Build.0 = Debug|Any CPU
		{A9BF75EB-309F-4C13-BD60-93DF443C0827}.Debug|Win32.ActiveCfg = Debug|Any CPU
		{A9BF75EB-309F-4C13-BD60-93DF443C0827}.Debug|x86.ActiveCfg = Debug|Any CPU
		{A9BF75EB-309F-4C13-BD60-93DF443C0827}.Release|Any CPU.ActiveCfg = Release|Any CPU
		{A9BF75EB-309F-4C13-BD60-93DF443C0827}.Release|Any CPU.Build.0 = Release|Any CPU
		{A9BF75EB-309F-4C13-BD60-93DF443C0827}.Release|Mixed Platforms.ActiveCfg = Release|Any CPU
		{A9BF75EB-309F-4C13-BD60-93DF443C0827}.Release|Mixed Platforms.Build.0 = Release|Any CPU
		{A9BF75EB-309F-4C13-BD60-93DF443C0827}.Release|Win32.ActiveCfg = Release|Any CPU
		{A9BF75EB-309F-4C13-BD60-93DF443C0827}.Release|x86.ActiveCfg = Release|Any CPU
		{91D091F9-E1E1-42D8-9101-C4306E20758F}.Debug|Any CPU.ActiveCfg = Debug|Any CPU
		{91D091F9-E1E1-42D8-9101-C4306E20758F}.Debug|Any CPU.Build.0 = Debug|Any CPU
		{91D091F9-E1E1-42D8-9101-C4306E20758F}.Debug|Mixed Platforms.ActiveCfg = Debug|Any CPU
		{91D091F9-E1E1-42D8-9101-C4306E20758F}.Debug|Mixed Platforms.Build.0 = Debug|Any CPU
		{91D091F9-E1E1-42D8-9101-C4306E20758F}.Debug|Win32.ActiveCfg = Debug|Any CPU
		{91D091F9-E1E1-42D8-9101-C4306E20758F}.Debug|x86.ActiveCfg = Debug|Any CPU
		{91D091F9-E1E1-42D8-9101-C4306E20758F}.Release|Any CPU.ActiveCfg = Release|Any CPU
		{91D091F9-E1E1-42D8-9101-C4306E20758F}.Release|Any CPU.Build.0 = Release|Any CPU
		{91D091F9-E1E1-42D8-9101-C4306E20758F}.Release|Mixed Platforms.ActiveCfg = Release|Any CPU
		{91D091F9-E1E1-42D8-9101-C4306E20758F}.Release|Mixed Platforms.Build.0 = Release|Any CPU
		{91D091F9-E1E1-42D8-9101-C4306E20758F}.Release|Win32.ActiveCfg = Release|Any CPU
		{91D091F9-E1E1-42D8-9101-C4306E20758F}.Release|x86.ActiveCfg = Release|Any CPU
	EndGlobalSection
	GlobalSection(SolutionProperties) = preSolution
		HideSolutionNode = FALSE
	EndGlobalSection
	GlobalSection(NestedProjects) = preSolution
		{2C1A2644-57D7-4E61-8FF3-F4A14F7463ED} = {36BC2723-6ECA-4698-A192-86BDC523B92F}
		{5E8B18A2-D78E-4BB9-95B6-E90793BB5E91} = {36BC2723-6ECA-4698-A192-86BDC523B92F}
		{9BCB9A7E-33DE-4136-8666-8BC3FB260E9B} = {2C1A2644-57D7-4E61-8FF3-F4A14F7463ED}
		{52133582-D7C3-433B-B0F5-B6D5651B4399} = {2C1A2644-57D7-4E61-8FF3-F4A14F7463ED}
		{C1B8B31C-88D4-43B6-8179-98A27C44AAB5} = {2C1A2644-57D7-4E61-8FF3-F4A14F7463ED}
		{FB19AC0E-87EC-42B3-85AE-1C40E7A3B127} = {2C1A2644-57D7-4E61-8FF3-F4A14F7463ED}
		{12196C51-7C03-4F2B-9237-2562096BD1AF} = {2C1A2644-57D7-4E61-8FF3-F4A14F7463ED}
		{2BA276B6-6D72-4175-9A17-7C239F1737E4} = {2C1A2644-57D7-4E61-8FF3-F4A14F7463ED}
		{E2B5F4B2-6E66-4176-BBAA-F126512C7DCB} = {2C1A2644-57D7-4E61-8FF3-F4A14F7463ED}
		{84D700E3-24FC-40B7-87A0-2B341F4DD0C8} = {2C1A2644-57D7-4E61-8FF3-F4A14F7463ED}
		{4ABFB98A-BEDA-456C-9669-E40F9690DA07} = {00C5C7D0-87E4-4FA6-8FDB-C14495A25546}
		{93939FA3-87ED-492C-9260-904926CA43F7} = {00C5C7D0-87E4-4FA6-8FDB-C14495A25546}
		{30BC89C8-A925-4CEF-9E40-513EA11706CD} = {5E8B18A2-D78E-4BB9-95B6-E90793BB5E91}
		{64794C5E-3B82-41B6-8BA6-39BF531EBBF2} = {4ABFB98A-BEDA-456C-9669-E40F9690DA07}
		{BF5044B8-D380-4018-BE40-723A5CAB3BB7} = {4ABFB98A-BEDA-456C-9669-E40F9690DA07}
		{EAB84AD1-0D97-478A-A949-171B56DEA252} = {4ABFB98A-BEDA-456C-9669-E40F9690DA07}
		{FF4E04E5-3794-4AE0-8292-65EAE452ED81} = {4ABFB98A-BEDA-456C-9669-E40F9690DA07}
		{A488DFF1-6E28-4A4C-A415-0E98F8B375E6} = {4ABFB98A-BEDA-456C-9669-E40F9690DA07}
		{00798CB1-AD59-42DE-9554-49473E1DDF61} = {F0E08B24-C42D-4B5E-B2DE-AEEE230E0E6F}
		{066E9184-0FBA-4204-8D99-DD9C37B43A4F} = {F0E08B24-C42D-4B5E-B2DE-AEEE230E0E6F}
		{B2844FAB-F215-4428-B564-287331C5ABB6} = {066E9184-0FBA-4204-8D99-DD9C37B43A4F}
		{8CFF5B22-907F-470D-884B-1AA14D6F0710} = {066E9184-0FBA-4204-8D99-DD9C37B43A4F}
		{27C90F37-990E-4881-AD82-BCE15A4342DD} = {066E9184-0FBA-4204-8D99-DD9C37B43A4F}
		{D462A667-3F02-4376-BA2A-F1D72BD00296} = {066E9184-0FBA-4204-8D99-DD9C37B43A4F}
		{085C8341-8EA5-43F5-8B9E-07FED9B79563} = {066E9184-0FBA-4204-8D99-DD9C37B43A4F}
		{5D72074A-9575-4FDF-94FD-6339F6B54893} = {066E9184-0FBA-4204-8D99-DD9C37B43A4F}
		{E885C50A-8B79-4D2F-9FA6-23D17E7E2BAC} = {066E9184-0FBA-4204-8D99-DD9C37B43A4F}
		{68349718-C83B-4AB2-A990-6058A50C8B6C} = {066E9184-0FBA-4204-8D99-DD9C37B43A4F}
		{CBE6E45F-9C69-4855-86DF-271E5CA1B3B1} = {066E9184-0FBA-4204-8D99-DD9C37B43A4F}
		{8FB4FEF0-9632-45BA-8C0A-39637F449DAB} = {066E9184-0FBA-4204-8D99-DD9C37B43A4F}
		{A9BF75EB-309F-4C13-BD60-93DF443C0827} = {066E9184-0FBA-4204-8D99-DD9C37B43A4F}
		{91D091F9-E1E1-42D8-9101-C4306E20758F} = {066E9184-0FBA-4204-8D99-DD9C37B43A4F}
		{4CC63A08-2BAC-45F9-B20E-AAFB928C6630} = {066E9184-0FBA-4204-8D99-DD9C37B43A4F}
	EndGlobalSection
EndGlobal
